
Microsoft Visual Studio Solution File, Format Version 12.00
# Visual Studio Version 17
VisualStudioVersion = 17.14.36221.1
MinimumVisualStudioVersion = 10.0.40219.1
Project("{FAE04EC0-301F-11D3-BF4B-00C04F79EFBC}") = "Training25", "Training25_1\Training25.csproj", "{F2C1B618-E0DA-20F1-AA0D-3C9F0FA57428}"
EndProject
Global
	GlobalSection(SolutionConfigurationPlatforms) = preSolution
		Debug|Any CPU = Debug|Any CPU
		Release|Any CPU = Release|Any CPU
	EndGlobalSection
	GlobalSection(ProjectConfigurationPlatforms) = postSolution
		{F2C1B618-E0DA-20F1-AA0D-3C9F0FA57428}.Debug|Any CPU.ActiveCfg = Debug|Any CPU
		{F2C1B618-E0DA-20F1-AA0D-3C9F0FA57428}.Debug|Any CPU.Build.0 = Debug|Any CPU
		{F2C1B618-E0DA-20F1-AA0D-3C9F0FA57428}.Release|Any CPU.ActiveCfg = Release|Any CPU
		{F2C1B618-E0DA-20F1-AA0D-3C9F0FA57428}.Release|Any CPU.Build.0 = Release|Any CPU
	EndGlobalSection
	GlobalSection(SolutionProperties) = preSolution
		HideSolutionNode = FALSE
	EndGlobalSection
	GlobalSection(ExtensibilityGlobals) = postSolution
		SolutionGuid = {040C539C-613E-43FB-9BCB-7D2E9E2E293A}
	EndGlobalSection
EndGlobal
