
Microsoft Visual Studio Solution File, Format Version 12.00
# Visual Studio Version 17
VisualStudioVersion = 17.14.36221.1
MinimumVisualStudioVersion = 10.0.40219.1
Project("{FAE04EC0-301F-11D3-BF4B-00C04F79EFBC}") = "Training25", "Training25\Training25.csproj", "{BAA4B650-B070-1522-A3B2-2A36CD8C1325}"
EndProject
Global
	GlobalSection(SolutionConfigurationPlatforms) = preSolution
		Debug|Any CPU = Debug|Any CPU
		Release|Any CPU = Release|Any CPU
	EndGlobalSection
	GlobalSection(ProjectConfigurationPlatforms) = postSolution
		{BAA4B650-B070-1522-A3B2-2A36CD8C1325}.Debug|Any CPU.ActiveCfg = Debug|Any CPU
		{BAA4B650-B070-1522-A3B2-2A36CD8C1325}.Debug|Any CPU.Build.0 = Debug|Any CPU
		{BAA4B650-B070-1522-A3B2-2A36CD8C1325}.Release|Any CPU.ActiveCfg = Release|Any CPU
		{BAA4B650-B070-1522-A3B2-2A36CD8C1325}.Release|Any CPU.Build.0 = Release|Any CPU
	EndGlobalSection
	GlobalSection(SolutionProperties) = preSolution
		HideSolutionNode = FALSE
	EndGlobalSection
	GlobalSection(ExtensibilityGlobals) = postSolution
		SolutionGuid = {040C539C-613E-43FB-9BCB-7D2E9E2E293A}
	EndGlobalSection
EndGlobal
